
Microsoft Visual Studio Solution File, Format Version 12.00
# Visual Studio Version 16
VisualStudioVersion = 16.0.30804.86
MinimumVisualStudioVersion = 10.0.40219.1
Project("{F184B08F-C81C-45F6-A57F-5ABD9991F28F}") = "Ejercicio_Comentarios", "Ejercicio_Comentarios\Ejercicio_Comentarios.vbproj", "{FCCC077A-8525-47D1-A73C-844DEE2EF619}"
EndProject
Global
	GlobalSection(SolutionConfigurationPlatforms) = preSolution
		Debug|Any CPU = Debug|Any CPU
		Release|Any CPU = Release|Any CPU
	EndGlobalSection
	GlobalSection(ProjectConfigurationPlatforms) = postSolution
		{FCCC077A-8525-47D1-A73C-844DEE2EF619}.Debug|Any CPU.ActiveCfg = Debug|Any CPU
		{FCCC077A-8525-47D1-A73C-844DEE2EF619}.Debug|Any CPU.Build.0 = Debug|Any CPU
		{FCCC077A-8525-47D1-A73C-844DEE2EF619}.Release|Any CPU.ActiveCfg = Release|Any CPU
		{FCCC077A-8525-47D1-A73C-844DEE2EF619}.Release|Any CPU.Build.0 = Release|Any CPU
	EndGlobalSection
	GlobalSection(SolutionProperties) = preSolution
		HideSolutionNode = FALSE
	EndGlobalSection
	GlobalSection(ExtensibilityGlobals) = postSolution
		SolutionGuid = {DD652FC7-C53C-48E8-A326-61057DAE0695}
	EndGlobalSection
EndGlobal
